
Microsoft Visual Studio Solution File, Format Version 12.00
# Visual Studio 15
VisualStudioVersion = 15.0.26403.7
MinimumVisualStudioVersion = 10.0.40219.1
Project("{FAE04EC0-301F-11D3-BF4B-00C04F79EFBC}") = "DotvvmBlog", "DotvvmBlog\DotvvmBlog.csproj", "{1C7A9914-8CDC-4075-9422-37BD0E51C076}"
EndProject
Project("{FAE04EC0-301F-11D3-BF4B-00C04F79EFBC}") = "DotvvmBlog.DAL", "DotvvmBlog.DAL\DotvvmBlog.DAL.csproj", "{22102765-EA0A-497B-ACD2-91FF0E32C408}"
EndProject
Project("{FAE04EC0-301F-11D3-BF4B-00C04F79EFBC}") = "DotvvmBlog.BL", "DotvvmBlog.BL\DotvvmBlog.BL.csproj", "{1A85FB45-854D-4754-949B-C04670D45664}"
EndProject
Global
	GlobalSection(SolutionConfigurationPlatforms) = preSolution
		Debug|Any CPU = Debug|Any CPU
		Release|Any CPU = Release|Any CPU
	EndGlobalSection
	GlobalSection(ProjectConfigurationPlatforms) = postSolution
		{1C7A9914-8CDC-4075-9422-37BD0E51C076}.Debug|Any CPU.ActiveCfg = Debug|Any CPU
		{1C7A9914-8CDC-4075-9422-37BD0E51C076}.Debug|Any CPU.Build.0 = Debug|Any CPU
		{1C7A9914-8CDC-4075-9422-37BD0E51C076}.Release|Any CPU.ActiveCfg = Release|Any CPU
		{1C7A9914-8CDC-4075-9422-37BD0E51C076}.Release|Any CPU.Build.0 = Release|Any CPU
		{22102765-EA0A-497B-ACD2-91FF0E32C408}.Debug|Any CPU.ActiveCfg = Debug|Any CPU
		{22102765-EA0A-497B-ACD2-91FF0E32C408}.Debug|Any CPU.Build.0 = Debug|Any CPU
		{22102765-EA0A-497B-ACD2-91FF0E32C408}.Release|Any CPU.ActiveCfg = Release|Any CPU
		{22102765-EA0A-497B-ACD2-91FF0E32C408}.Release|Any CPU.Build.0 = Release|Any CPU
		{1A85FB45-854D-4754-949B-C04670D45664}.Debug|Any CPU.ActiveCfg = Debug|Any CPU
		{1A85FB45-854D-4754-949B-C04670D45664}.Debug|Any CPU.Build.0 = Debug|Any CPU
		{1A85FB45-854D-4754-949B-C04670D45664}.Release|Any CPU.ActiveCfg = Release|Any CPU
		{1A85FB45-854D-4754-949B-C04670D45664}.Release|Any CPU.Build.0 = Release|Any CPU
	EndGlobalSection
	GlobalSection(SolutionProperties) = preSolution
		HideSolutionNode = FALSE
	EndGlobalSection
EndGlobal
